// !$*UTF8*$!
{
	archiveVersion = 1;
	classes = {
	};
	objectVersion = 46;
	objects = {

/* Begin PBXBuildFile section */
		5614E1001D169A21007135FB /* AppDelegate.swift in Sources */ = {isa = PBXBuildFile; fileRef = 5614E0FF1D169A21007135FB /* AppDelegate.swift */; };
		5614E1021D169A21007135FB /* ViewController.swift in Sources */ = {isa = PBXBuildFile; fileRef = 5614E1011D169A21007135FB /* ViewController.swift */; };
		5614E1051D169A21007135FB /* Main.storyboard in Resources */ = {isa = PBXBuildFile; fileRef = 5614E1031D169A21007135FB /* Main.storyboard */; };
		5614E1071D169A21007135FB /* Assets.xcassets in Resources */ = {isa = PBXBuildFile; fileRef = 5614E1061D169A21007135FB /* Assets.xcassets */; };
		5614E10A1D169A21007135FB /* LaunchScreen.storyboard in Resources */ = {isa = PBXBuildFile; fileRef = 5614E1081D169A21007135FB /* LaunchScreen.storyboard */; };
/* End PBXBuildFile section */

/* Begin PBXFileReference section */
		5614E0FC1D169A21007135FB /* MJPEG-Implementation.app */ = {isa = PBXFileReference; explicitFileType = wrapper.application; includeInIndex = 0; path = "MJPEG-Implementation.app"; sourceTree = BUILT_PRODUCTS_DIR; };
		5614E0FF1D169A21007135FB /* AppDelegate.swift */ = {isa = PBXFileReference; lastKnownFileType = sourcecode.swift; path = AppDelegate.swift; sourceTree = "<group>"; };
		5614E1011D169A21007135FB /* ViewController.swift */ = {isa = PBXFileReference; lastKnownFileType = sourcecode.swift; path = ViewController.swift; sourceTree = "<group>"; };
		5614E1041D169A21007135FB /* Base */ = {isa = PBXFileReference; lastKnownFileType = file.storyboard; name = Base; path = Base.lproj/Main.storyboard; sourceTree = "<group>"; };
		5614E1061D169A21007135FB /* Assets.xcassets */ = {isa = PBXFileReference; lastKnownFileType = folder.assetcatalog; path = Assets.xcassets; sourceTree = "<group>"; };
		5614E1091D169A21007135FB /* Base */ = {isa = PBXFileReference; lastKnownFileType = file.storyboard; name = Base; path = Base.lproj/LaunchScreen.storyboard; sourceTree = "<group>"; };
		5614E10B1D169A21007135FB /* Info.plist */ = {isa = PBXFileReference; lastKnownFileType = text.plist.xml; path = Info.plist; sourceTree = "<group>"; };
/* End PBXFileReference section */

/* Begin PBXFrameworksBuildPhase section */
		5614E0F91D169A21007135FB /* Frameworks */ = {
			isa = PBXFrameworksBuildPhase;
			buildActionMask = 2147483647;
			files = (
			);
			runOnlyForDeploymentPostprocessing = 0;
		};
/* End PBXFrameworksBuildPhase section */

/* Begin PBXGroup section */
		5614E0F31D169A21007135FB = {
			isa = PBXGroup;
			children = (
				5614E0FE1D169A21007135FB /* MJPEG-Implementation */,
				5614E0FD1D169A21007135FB /* Products */,
			);
			sourceTree = "<group>";
		};
		5614E0FD1D169A21007135FB /* Products */ = {
			isa = PBXGroup;
			children = (
				5614E0FC1D169A21007135FB /* MJPEG-Implementation.app */,
			);
			name = Products;
			sourceTree = "<group>";
		};
		5614E0FE1D169A21007135FB /* MJPEG-Implementation */ = {
			isa = PBXGroup;
			children = (
				5614E0FF1D169A21007135FB /* AppDelegate.swift */,
				5614E1011D169A21007135FB /* ViewController.swift */,
				5614E1031D169A21007135FB /* Main.storyboard */,
				5614E1061D169A21007135FB /* Assets.xcassets */,
				5614E1081D169A21007135FB /* LaunchScreen.storyboard */,
				5614E10B1D169A21007135FB /* Info.plist */,
			);
			path = "MJPEG-Implementation";
			sourceTree = "<group>";
		};
/* End PBXGroup section */

/* Begin PBXNativeTarget section */
		5614E0FB1D169A21007135FB /* MJPEG-Implementation */ = {
			isa = PBXNativeTarget;
			buildConfigurationList = 5614E10E1D169A21007135FB /* Build configuration list for PBXNativeTarget "MJPEG-Implementation" */;
			buildPhases = (
				5614E0F81D169A21007135FB /* Sources */,
				5614E0F91D169A21007135FB /* Frameworks */,
				5614E0FA1D169A21007135FB /* Resources */,
			);
			buildRules = (
			);
			dependencies = (
			);
			name = "MJPEG-Implementation";
			productName = "MJPEG-Implementation";
			productReference = 5614E0FC1D169A21007135FB /* MJPEG-Implementation.app */;
			productType = "com.apple.product-type.application";
		};
/* End PBXNativeTarget section */

/* Begin PBXProject section */
		5614E0F41D169A21007135FB /* Project object */ = {
			isa = PBXProject;
			attributes = {
				LastSwiftUpdateCheck = 0730;
				LastUpgradeCheck = 0730;
				ORGANIZATIONNAME = "Muhammed Miah";
				TargetAttributes = {
					5614E0FB1D169A21007135FB = {
						CreatedOnToolsVersion = 7.3;
					};
				};
			};
			buildConfigurationList = 5614E0F71D169A21007135FB /* Build configuration list for PBXProject "MJPEG-Implementation" */;
			compatibilityVersion = "Xcode 3.2";
			developmentRegion = English;
			hasScannedForEncodings = 0;
			knownRegions = (
				en,
				Base,
			);
			mainGroup = 5614E0F31D169A21007135FB;
			productRefGroup = 5614E0FD1D169A21007135FB /* Products */;
			projectDirPath = "";
			projectRoot = "";
			targets = (
				5614E0FB1D169A21007135FB /* MJPEG-Implementation */,
			);
		};
/* End PBXProject section */

/* Begin PBXResourcesBuildPhase section */
		5614E0FA1D169A21007135FB /* Resources */ = {
			isa = PBXResourcesBuildPhase;
			buildActionMask = 2147483647;
			files = (
				5614E10A1D169A21007135FB /* LaunchScreen.storyboard in Resources */,
				5614E1071D169A21007135FB /* Assets.xcassets in Resources */,
				5614E1051D169A21007135FB /* Main.storyboard in Resources */,
			);
			runOnlyForDeploymentPostprocessing = 0;
		};
/* End PBXResourcesBuildPhase section */

/* Begin PBXSourcesBuildPhase section */
		5614E0F81D169A21007135FB /* Sources */ = {
			isa = PBXSourcesBuildPhase;
			buildActionMask = 2147483647;
			files = (
				5614E1021D169A21007135FB /* ViewController.swift in Sources */,
				5614E1001D169A21007135FB /* AppDelegate.swift in Sources */,
			);
			runOnlyForDeploymentPostprocessing = 0;
		};
/* End PBXSourcesBuildPhase section */

/* Begin PBXVariantGroup section */
		5614E1031D169A21007135FB /* Main.storyboard */ = {
			isa = PBXVariantGroup;
			children = (
				5614E1041D169A21007135FB /* Base */,
			);
			name = Main.storyboard;
			sourceTree = "<group>";
		};
		5614E1081D169A21007135FB /* LaunchScreen.storyboard */ = {
			isa = PBXVariantGroup;
			children = (
				5614E1091D169A21007135FB /* Base */,
			);
			name = LaunchScreen.storyboard;
			sourceTree = "<group>";
		};
/* End PBXVariantGroup section */

/* Begin XCBuildConfiguration section */
		5614E10C1D169A21007135FB /* Debug */ = {
			isa = XCBuildConfiguration;
			buildSettings = {
				ALWAYS_SEARCH_USER_PATHS = NO;
				CLANG_ANALYZER_NONNULL = YES;
				CLANG_CXX_LANGUAGE_STANDARD = "gnu++0x";
				CLANG_CXX_LIBRARY = "libc++";
				CLANG_ENABLE_MODULES = YES;
				CLANG_ENABLE_OBJC_ARC = YES;
				CLANG_WARN_BOOL_CONVERSION = YES;
				CLANG_WARN_CONSTANT_CONVERSION = YES;
				CLANG_WARN_DIRECT_OBJC_ISA_USAGE = YES_ERROR;
				CLANG_WARN_EMPTY_BODY = YES;
				CLANG_WARN_ENUM_CONVERSION = YES;
				CLANG_WARN_INT_CONVERSION = YES;
				CLANG_WARN_OBJC_ROOT_CLASS = YES_ERROR;
				CLANG_WARN_UNREACHABLE_CODE = YES;
				CLANG_WARN__DUPLICATE_METHOD_MATCH = YES;
				"CODE_SIGN_IDENTITY[sdk=iphoneos*]" = "iPhone Developer";
				COPY_PHASE_STRIP = NO;
				DEBUG_INFORMATION_FORMAT = dwarf;
				ENABLE_STRICT_OBJC_MSGSEND = YES;
				ENABLE_TESTABILITY = YES;
				GCC_C_LANGUAGE_STANDARD = gnu99;
				GCC_DYNAMIC_NO_PIC = NO;
				GCC_NO_COMMON_BLOCKS = YES;
				GCC_OPTIMIZATION_LEVEL = 0;
				GCC_PREPROCESSOR_DEFINITIONS = (
					"DEBUG=1",
					"$(inherited)",
				);
				GCC_WARN_64_TO_32_BIT_CONVERSION = YES;
				GCC_WARN_ABOUT_RETURN_TYPE = YES_ERROR;
				GCC_WARN_UNDECLARED_SELECTOR = YES;
				GCC_WARN_UNINITIALIZED_AUTOS = YES_AGGRESSIVE;
				GCC_WARN_UNUSED_FUNCTION = YES;
				GCC_WARN_UNUSED_VARIABLE = YES;
				IPHONEOS_DEPLOYMENT_TARGET = 9.3;
				MTL_ENABLE_DEBUG_INFO = YES;
				ONLY_ACTIVE_ARCH = YES;
				SDKROOT = iphoneos;
				SWIFT_OPTIMIZATION_LEVEL = "-Onone";
				TARGETED_DEVICE_FAMILY = "1,2";
			};
			name = Debug;
		};
		5614E10D1D169A21007135FB /* Release */ = {
			isa = XCBuildConfiguration;
			buildSettings = {
				ALWAYS_SEARCH_USER_PATHS = NO;
				CLANG_ANALYZER_NONNULL = YES;
				CLANG_CXX_LANGUAGE_STANDARD = "gnu++0x";
				CLANG_CXX_LIBRARY = "libc++";
				CLANG_ENABLE_MODULES = YES;
				CLANG_ENABLE_OBJC_ARC = YES;
				CLANG_WARN_BOOL_CONVERSION = YES;
				CLANG_WARN_CONSTANT_CONVERSION = YES;
				CLANG_WARN_DIRECT_OBJC_ISA_USAGE = YES_ERROR;
				CLANG_WARN_EMPTY_BODY = YES;
				CLANG_WARN_ENUM_CONVERSION = YES;
				CLANG_WARN_INT_CONVERSION = YES;
				CLANG_WARN_OBJC_ROOT_CLASS = YES_ERROR;
				CLANG_WARN_UNREACHABLE_CODE = YES;
				CLANG_WARN__DUPLICATE_METHOD_MATCH = YES;
				"CODE_SIGN_IDENTITY[sdk=iphoneos*]" = "iPhone Developer";
				COPY_PHASE_STRIP = NO;
				DEBUG_INFORMATION_FORMAT = "dwarf-with-dsym";
				ENABLE_NS_ASSERTIONS = NO;
				ENABLE_STRICT_OBJC_MSGSEND = YES;
				GCC_C_LANGUAGE_STANDARD = gnu99;
				GCC_NO_COMMON_BLOCKS = YES;
				GCC_WARN_64_TO_32_BIT_CONVERSION = YES;
				GCC_WARN_ABOUT_RETURN_TYPE = YES_ERROR;
				GCC_WARN_UNDECLARED_SELECTOR = YES;
				GCC_WARN_UNINITIALIZED_AUTOS = YES_AGGRESSIVE;
				GCC_WARN_UNUSED_FUNCTION = YES;
				GCC_WARN_UNUSED_VARIABLE = YES;
				IPHONEOS_DEPLOYMENT_TARGET = 9.3;
				MTL_ENABLE_DEBUG_INFO = NO;
				SDKROOT = iphoneos;
				TARGETED_DEVICE_FAMILY = "1,2";
				VALIDATE_PRODUCT = YES;
			};
			name = Release;
		};
		5614E10F1D169A21007135FB /* Debug */ = {
			isa = XCBuildConfiguration;
			buildSettings = {
				ASSETCATALOG_COMPILER_APPICON_NAME = AppIcon;
				INFOPLIST_FILE = "MJPEG-Implementation/Info.plist";
				LD_RUNPATH_SEARCH_PATHS = "$(inherited) @executable_path/Frameworks";
				PRODUCT_BUNDLE_IDENTIFIER = "Momiah.MJPEG-Implementation";
				PRODUCT_NAME = "$(TARGET_NAME)";
			};
			name = Debug;
		};
		5614E1101D169A21007135FB /* Release */ = {
			isa = XCBuildConfiguration;
			buildSettings = {
				ASSETCATALOG_COMPILER_APPICON_NAME = AppIcon;
				INFOPLIST_FILE = "MJPEG-Implementation/Info.plist";
				LD_RUNPATH_SEARCH_PATHS = "$(inherited) @executable_path/Frameworks";
				PRODUCT_BUNDLE_IDENTIFIER = "Momiah.MJPEG-Implementation";
				PRODUCT_NAME = "$(TARGET_NAME)";
			};
			name = Release;
		};
/* End XCBuildConfiguration section */

/* Begin XCConfigurationList section */
		5614E0F71D169A21007135FB /* Build configuration list for PBXProject "MJPEG-Implementation" */ = {
			isa = XCConfigurationList;
			buildConfigurations = (
				5614E10C1D169A21007135FB /* Debug */,
				5614E10D1D169A21007135FB /* Release */,
			);
			defaultConfigurationIsVisible = 0;
			defaultConfigurationName = Release;
		};
		5614E10E1D169A21007135FB /* Build configuration list for PBXNativeTarget "MJPEG-Implementation" */ = {
			isa = XCConfigurationList;
			buildConfigurations = (
				5614E10F1D169A21007135FB /* Debug */,
				5614E1101D169A21007135FB /* Release */,
			);
			defaultConfigurationIsVisible = 0;
		};
/* End XCConfigurationList section */
	};
	rootObject = 5614E0F41D169A21007135FB /* Project object */;
}
